// !$*UTF8*$!
{
	archiveVersion = 1;
	classes = {
	};
	objectVersion = 77;
	objects = {

/* Begin PBXContainerItemProxy section */
		96A2C74F2F0AFBAD00EE890C /* PBXContainerItemProxy */ = {
			isa = PBXContainerItemProxy;
			containerPortal = 96A2C7392F0AFBAA00EE890C /* Project object */;
			proxyType = 1;
			remoteGlobalIDString = 96A2C7402F0AFBAA00EE890C;
			remoteInfo = "Todo-SwiftData";
		};
		96A2C7592F0AFBAD00EE890C /* PBXContainerItemProxy */ = {
			isa = PBXContainerItemProxy;
			containerPortal = 96A2C7392F0AFBAA00EE890C /* Project object */;
			proxyType = 1;
			remoteGlobalIDString = 96A2C7402F0AFBAA00EE890C;
			remoteInfo = "Todo-SwiftData";
		};
/* End PBXContainerItemProxy section */

/* Begin PBXFileReference section */
		96A2C7412F0AFBAA00EE890C /* Todo-SwiftData.app */ = {isa = PBXFileReference; explicitFileType = wrapper.application; includeInIndex = 0; path = "Todo-SwiftData.app"; sourceTree = BUILT_PRODUCTS_DIR; };
		96A2C74E2F0AFBAD00EE890C /* Todo-SwiftDataTests.xctest */ = {isa = PBXFileReference; explicitFileType = wrapper.cfbundle; includeInIndex = 0; path = "Todo-SwiftDataTests.xctest"; sourceTree = BUILT_PRODUCTS_DIR; };
		96A2C7582F0AFBAD00EE890C /* Todo-SwiftDataUITests.xctest */ = {isa = PBXFileReference; explicitFileType = wrapper.cfbundle; includeInIndex = 0; path = "Todo-SwiftDataUITests.xctest"; sourceTree = BUILT_PRODUCTS_DIR; };
/* End PBXFileReference section */

/* Begin PBXFileSystemSynchronizedRootGroup section */
		96A2C7432F0AFBAA00EE890C /* Todo-SwiftData */ = {
			isa = PBXFileSystemSynchronizedRootGroup;
			path = "Todo-SwiftData";
			sourceTree = "<group>";
		};
		96A2C7512F0AFBAD00EE890C /* Todo-SwiftDataTests */ = {
			isa = PBXFileSystemSynchronizedRootGroup;
			path = "Todo-SwiftDataTests";
			sourceTree = "<group>";
		};
		96A2C75B2F0AFBAD00EE890C /* Todo-SwiftDataUITests */ = {
			isa = PBXFileSystemSynchronizedRootGroup;
			path = "Todo-SwiftDataUITests";
			sourceTree = "<group>";
		};
/* End PBXFileSystemSynchronizedRootGroup section */

/* Begin PBXFrameworksBuildPhase section */
		96A2C73E2F0AFBAA00EE890C /* Frameworks */ = {
			isa = PBXFrameworksBuildPhase;
			buildActionMask = 2147483647;
			files = (
			);
			runOnlyForDeploymentPostprocessing = 0;
		};
		96A2C74B2F0AFBAD00EE890C /* Frameworks */ = {
			isa = PBXFrameworksBuildPhase;
			buildActionMask = 2147483647;
			files = (
			);
			runOnlyForDeploymentPostprocessing = 0;
		};
		96A2C7552F0AFBAD00EE890C /* Frameworks */ = {
			isa = PBXFrameworksBuildPhase;
			buildActionMask = 2147483647;
			files = (
			);
			runOnlyForDeploymentPostprocessing = 0;
		};
/* End PBXFrameworksBuildPhase section */

/* Begin PBXGroup section */
		96A2C7382F0AFBAA00EE890C = {
			isa = PBXGroup;
			children = (
				96A2C7432F0AFBAA00EE890C /* Todo-SwiftData */,
				96A2C7512F0AFBAD00EE890C /* Todo-SwiftDataTests */,
				96A2C75B2F0AFBAD00EE890C /* Todo-SwiftDataUITests */,
				96A2C7422F0AFBAA00EE890C /* Products */,
			);
			sourceTree = "<group>";
		};
		96A2C7422F0AFBAA00EE890C /* Products */ = {
			isa = PBXGroup;
			children = (
				96A2C7412F0AFBAA00EE890C /* Todo-SwiftData.app */,
				96A2C74E2F0AFBAD00EE890C /* Todo-SwiftDataTests.xctest */,
				96A2C7582F0AFBAD00EE890C /* Todo-SwiftDataUITests.xctest */,
			);
			name = Products;
			sourceTree = "<group>";
		};
/* End PBXGroup section */

/* Begin PBXNativeTarget section */
		96A2C7402F0AFBAA00EE890C /* Todo-SwiftData */ = {
			isa = PBXNativeTarget;
			buildConfigurationList = 96A2C7622F0AFBAD00EE890C /* Build configuration list for PBXNativeTarget "Todo-SwiftData" */;
			buildPhases = (
				96A2C73D2F0AFBAA00EE890C /* Sources */,
				96A2C73E2F0AFBAA00EE890C /* Frameworks */,
				96A2C73F2F0AFBAA00EE890C /* Resources */,
			);
			buildRules = (
			);
			dependencies = (
			);
			fileSystemSynchronizedGroups = (
				96A2C7432F0AFBAA00EE890C /* Todo-SwiftData */,
			);
			name = "Todo-SwiftData";
			packageProductDependencies = (
			);
			productName = "Todo-SwiftData";
			productReference = 96A2C7412F0AFBAA00EE890C /* Todo-SwiftData.app */;
			productType = "com.apple.product-type.application";
		};
		96A2C74D2F0AFBAD00EE890C /* Todo-SwiftDataTests */ = {
			isa = PBXNativeTarget;
			buildConfigurationList = 96A2C7652F0AFBAD00EE890C /* Build configuration list for PBXNativeTarget "Todo-SwiftDataTests" */;
			buildPhases = (
				96A2C74A2F0AFBAD00EE890C /* Sources */,
				96A2C74B2F0AFBAD00EE890C /* Frameworks */,
				96A2C74C2F0AFBAD00EE890C /* Resources */,
			);
			buildRules = (
			);
			dependencies = (
				96A2C7502F0AFBAD00EE890C /* PBXTargetDependency */,
			);
			fileSystemSynchronizedGroups = (
				96A2C7512F0AFBAD00EE890C /* Todo-SwiftDataTests */,
			);
			name = "Todo-SwiftDataTests";
			packageProductDependencies = (
			);
			productName = "Todo-SwiftDataTests";
			productReference = 96A2C74E2F0AFBAD00EE890C /* Todo-SwiftDataTests.xctest */;
			productType = "com.apple.product-type.bundle.unit-test";
		};
		96A2C7572F0AFBAD00EE890C /* Todo-SwiftDataUITests */ = {
			isa = PBXNativeTarget;
			buildConfigurationList = 96A2C7682F0AFBAD00EE890C /* Build configuration list for PBXNativeTarget "Todo-SwiftDataUITests" */;
			buildPhases = (
				96A2C7542F0AFBAD00EE890C /* Sources */,
				96A2C7552F0AFBAD00EE890C /* Frameworks */,
				96A2C7562F0AFBAD00EE890C /* Resources */,
			);
			buildRules = (
			);
			dependencies = (
				96A2C75A2F0AFBAD00EE890C /* PBXTargetDependency */,
			);
			fileSystemSynchronizedGroups = (
				96A2C75B2F0AFBAD00EE890C /* Todo-SwiftDataUITests */,
			);
			name = "Todo-SwiftDataUITests";
			packageProductDependencies = (
			);
			productName = "Todo-SwiftDataUITests";
			productReference = 96A2C7582F0AFBAD00EE890C /* Todo-SwiftDataUITests.xctest */;
			productType = "com.apple.product-type.bundle.ui-testing";
		};
/* End PBXNativeTarget section */

/* Begin PBXProject section */
		96A2C7392F0AFBAA00EE890C /* Project object */ = {
			isa = PBXProject;
			attributes = {
				BuildIndependentTargetsInParallel = 1;
				LastSwiftUpdateCheck = 2620;
				LastUpgradeCheck = 2620;
				TargetAttributes = {
					96A2C7402F0AFBAA00EE890C = {
						CreatedOnToolsVersion = 26.2;
					};
					96A2C74D2F0AFBAD00EE890C = {
						CreatedOnToolsVersion = 26.2;
						TestTargetID = 96A2C7402F0AFBAA00EE890C;
					};
					96A2C7572F0AFBAD00EE890C = {
						CreatedOnToolsVersion = 26.2;
						TestTargetID = 96A2C7402F0AFBAA00EE890C;
					};
				};
			};
			buildConfigurationList = 96A2C73C2F0AFBAA00EE890C /* Build configuration list for PBXProject "Todo-SwiftData" */;
			developmentRegion = en;
			hasScannedForEncodings = 0;
			knownRegions = (
				en,
				Base,
			);
			mainGroup = 96A2C7382F0AFBAA00EE890C;
			minimizedProjectReferenceProxies = 1;
			preferredProjectObjectVersion = 77;
			productRefGroup = 96A2C7422F0AFBAA00EE890C /* Products */;
			projectDirPath = "";
			projectRoot = "";
			targets = (
				96A2C7402F0AFBAA00EE890C /* Todo-SwiftData */,
				96A2C74D2F0AFBAD00EE890C /* Todo-SwiftDataTests */,
				96A2C7572F0AFBAD00EE890C /* Todo-SwiftDataUITests */,
			);
		};
/* End PBXProject section */

/* Begin PBXResourcesBuildPhase section */
		96A2C73F2F0AFBAA00EE890C /* Resources */ = {
			isa = PBXResourcesBuildPhase;
			buildActionMask = 2147483647;
			files = (
			);
			runOnlyForDeploymentPostprocessing = 0;
		};
		96A2C74C2F0AFBAD00EE890C /* Resources */ = {
			isa = PBXResourcesBuildPhase;
			buildActionMask = 2147483647;
			files = (
			);
			runOnlyForDeploymentPostprocessing = 0;
		};
		96A2C7562F0AFBAD00EE890C /* Resources */ = {
			isa = PBXResourcesBuildPhase;
			buildActionMask = 2147483647;
			files = (
			);
			runOnlyForDeploymentPostprocessing = 0;
		};
/* End PBXResourcesBuildPhase section */

/* Begin PBXSourcesBuildPhase section */
		96A2C73D2F0AFBAA00EE890C /* Sources */ = {
			isa = PBXSourcesBuildPhase;
			buildActionMask = 2147483647;
			files = (
			);
			runOnlyForDeploymentPostprocessing = 0;
		};
		96A2C74A2F0AFBAD00EE890C /* Sources */ = {
			isa = PBXSourcesBuildPhase;
			buildActionMask = 2147483647;
			files = (
			);
			runOnlyForDeploymentPostprocessing = 0;
		};
		96A2C7542F0AFBAD00EE890C /* Sources */ = {
			isa = PBXSourcesBuildPhase;
			buildActionMask = 2147483647;
			files = (
			);
			runOnlyForDeploymentPostprocessing = 0;
		};
/* End PBXSourcesBuildPhase section */

/* Begin PBXTargetDependency section */
		96A2C7502F0AFBAD00EE890C /* PBXTargetDependency */ = {
			isa = PBXTargetDependency;
			target = 96A2C7402F0AFBAA00EE890C /* Todo-SwiftData */;
			targetProxy = 96A2C74F2F0AFBAD00EE890C /* PBXContainerItemProxy */;
		};
		96A2C75A2F0AFBAD00EE890C /* PBXTargetDependency */ = {
			isa = PBXTargetDependency;
			target = 96A2C7402F0AFBAA00EE890C /* Todo-SwiftData */;
			targetProxy = 96A2C7592F0AFBAD00EE890C /* PBXContainerItemProxy */;
		};
/* End PBXTargetDependency section */

/* Begin XCBuildConfiguration section */
		96A2C7602F0AFBAD00EE890C /* Debug */ = {
			isa = XCBuildConfiguration;
			buildSettings = {
				ALWAYS_SEARCH_USER_PATHS = NO;
				ASSETCATALOG_COMPILER_GENERATE_SWIFT_ASSET_SYMBOL_EXTENSIONS = YES;
				CLANG_ANALYZER_NONNULL = YES;
				CLANG_ANALYZER_NUMBER_OBJECT_CONVERSION = YES_AGGRESSIVE;
				CLANG_CXX_LANGUAGE_STANDARD = "gnu++20";
				CLANG_ENABLE_MODULES = YES;
				CLANG_ENABLE_OBJC_ARC = YES;
				CLANG_ENABLE_OBJC_WEAK = YES;
				CLANG_WARN_BLOCK_CAPTURE_AUTORELEASING = YES;
				CLANG_WARN_BOOL_CONVERSION = YES;
				CLANG_WARN_COMMA = YES;
				CLANG_WARN_CONSTANT_CONVERSION = YES;
				CLANG_WARN_DEPRECATED_OBJC_IMPLEMENTATIONS = YES;
				CLANG_WARN_DIRECT_OBJC_ISA_USAGE = YES_ERROR;
				CLANG_WARN_DOCUMENTATION_COMMENTS = YES;
				CLANG_WARN_EMPTY_BODY = YES;
				CLANG_WARN_ENUM_CONVERSION = YES;
				CLANG_WARN_INFINITE_RECURSION = YES;
				CLANG_WARN_INT_CONVERSION = YES;
				CLANG_WARN_NON_LITERAL_NULL_CONVERSION = YES;
				CLANG_WARN_OBJC_IMPLICIT_RETAIN_SELF = YES;
				CLANG_WARN_OBJC_LITERAL_CONVERSION = YES;
				CLANG_WARN_OBJC_ROOT_CLASS = YES_ERROR;
				CLANG_WARN_QUOTED_INCLUDE_IN_FRAMEWORK_HEADER = YES;
				CLANG_WARN_RANGE_LOOP_ANALYSIS = YES;
				CLANG_WARN_STRICT_PROTOTYPES = YES;
				CLANG_WARN_SUSPICIOUS_MOVE = YES;
				CLANG_WARN_UNGUARDED_AVAILABILITY = YES_AGGRESSIVE;
				CLANG_WARN_UNREACHABLE_CODE = YES;
				CLANG_WARN__DUPLICATE_METHOD_MATCH = YES;
				COPY_PHASE_STRIP = NO;
				DEBUG_INFORMATION_FORMAT = dwarf;
				DEVELOPMENT_TEAM = 879MP5M96B;
				ENABLE_STRICT_OBJC_MSGSEND = YES;
				ENABLE_TESTABILITY = YES;
				ENABLE_USER_SCRIPT_SANDBOXING = YES;
				GCC_C_LANGUAGE_STANDARD = gnu17;
				GCC_DYNAMIC_NO_PIC = NO;
				GCC_NO_COMMON_BLOCKS = YES;
				GCC_OPTIMIZATION_LEVEL = 0;
				GCC_PREPROCESSOR_DEFINITIONS = (
					"DEBUG=1",
					"$(inherited)",
				);
				GCC_WARN_64_TO_32_BIT_CONVERSION = YES;
				GCC_WARN_ABOUT_RETURN_TYPE = YES_ERROR;
				GCC_WARN_UNDECLARED_SELECTOR = YES;
				GCC_WARN_UNINITIALIZED_AUTOS = YES_AGGRESSIVE;
				GCC_WARN_UNUSED_FUNCTION = YES;
				GCC_WARN_UNUSED_VARIABLE = YES;
				IPHONEOS_DEPLOYMENT_TARGET = 26.2;
				LOCALIZATION_PREFERS_STRING_CATALOGS = YES;
				MTL_ENABLE_DEBUG_INFO = INCLUDE_SOURCE;
				MTL_FAST_MATH = YES;
				ONLY_ACTIVE_ARCH = YES;
				SDKROOT = iphoneos;
				SWIFT_ACTIVE_COMPILATION_CONDITIONS = "DEBUG $(inherited)";
				SWIFT_OPTIMIZATION_LEVEL = "-Onone";
			};
			name = Debug;
		};
		96A2C7612F0AFBAD00EE890C /* Release */ = {
			isa = XCBuildConfiguration;
			buildSettings = {
				ALWAYS_SEARCH_USER_PATHS = NO;
				ASSETCATALOG_COMPILER_GENERATE_SWIFT_ASSET_SYMBOL_EXTENSIONS = YES;
				CLANG_ANALYZER_NONNULL = YES;
				CLANG_ANALYZER_NUMBER_OBJECT_CONVERSION = YES_AGGRESSIVE;
				CLANG_CXX_LANGUAGE_STANDARD = "gnu++20";
				CLANG_ENABLE_MODULES = YES;
				CLANG_ENABLE_OBJC_ARC = YES;
				CLANG_ENABLE_OBJC_WEAK = YES;
				CLANG_WARN_BLOCK_CAPTURE_AUTORELEASING = YES;
				CLANG_WARN_BOOL_CONVERSION = YES;
				CLANG_WARN_COMMA = YES;
				CLANG_WARN_CONSTANT_CONVERSION = YES;
				CLANG_WARN_DEPRECATED_OBJC_IMPLEMENTATIONS = YES;
				CLANG_WARN_DIRECT_OBJC_ISA_USAGE = YES_ERROR;
				CLANG_WARN_DOCUMENTATION_COMMENTS = YES;
				CLANG_WARN_EMPTY_BODY = YES;
				CLANG_WARN_ENUM_CONVERSION = YES;
				CLANG_WARN_INFINITE_RECURSION = YES;
				CLANG_WARN_INT_CONVERSION = YES;
				CLANG_WARN_NON_LITERAL_NULL_CONVERSION = YES;
				CLANG_WARN_OBJC_IMPLICIT_RETAIN_SELF = YES;
				CLANG_WARN_OBJC_LITERAL_CONVERSION = YES;
				CLANG_WARN_OBJC_ROOT_CLASS = YES_ERROR;
				CLANG_WARN_QUOTED_INCLUDE_IN_FRAMEWORK_HEADER = YES;
				CLANG_WARN_RANGE_LOOP_ANALYSIS = YES;
				CLANG_WARN_STRICT_PROTOTYPES = YES;
				CLANG_WARN_SUSPICIOUS_MOVE = YES;
				CLANG_WARN_UNGUARDED_AVAILABILITY = YES_AGGRESSIVE;
				CLANG_WARN_UNREACHABLE_CODE = YES;
				CLANG_WARN__DUPLICATE_METHOD_MATCH = YES;
				COPY_PHASE_STRIP = NO;
				DEBUG_INFORMATION_FORMAT = "dwarf-with-dsym";
				DEVELOPMENT_TEAM = 879MP5M96B;
				ENABLE_NS_ASSERTIONS = NO;
				ENABLE_STRICT_OBJC_MSGSEND = YES;
				ENABLE_USER_SCRIPT_SANDBOXING = YES;
				GCC_C_LANGUAGE_STANDARD = gnu17;
				GCC_NO_COMMON_BLOCKS = YES;
				GCC_WARN_64_TO_32_BIT_CONVERSION = YES;
				GCC_WARN_ABOUT_RETURN_TYPE = YES_ERROR;
				GCC_WARN_UNDECLARED_SELECTOR = YES;
				GCC_WARN_UNINITIALIZED_AUTOS = YES_AGGRESSIVE;
				GCC_WARN_UNUSED_FUNCTION = YES;
				GCC_WARN_UNUSED_VARIABLE = YES;
				IPHONEOS_DEPLOYMENT_TARGET = 26.2;
				LOCALIZATION_PREFERS_STRING_CATALOGS = YES;
				MTL_ENABLE_DEBUG_INFO = NO;
				MTL_FAST_MATH = YES;
				SDKROOT = iphoneos;
				SWIFT_COMPILATION_MODE = wholemodule;
				VALIDATE_PRODUCT = YES;
			};
			name = Release;
		};
		96A2C7632F0AFBAD00EE890C /* Debug */ = {
			isa = XCBuildConfiguration;
			buildSettings = {
				ASSETCATALOG_COMPILER_APPICON_NAME = AppIcon;
				ASSETCATALOG_COMPILER_GLOBAL_ACCENT_COLOR_NAME = AccentColor;
				CODE_SIGN_STYLE = Automatic;
				CURRENT_PROJECT_VERSION = 1;
				DEVELOPMENT_TEAM = 879MP5M96B;
				ENABLE_PREVIEWS = YES;
				GENERATE_INFOPLIST_FILE = YES;
				INFOPLIST_KEY_UIApplicationSceneManifest_Generation = YES;
				INFOPLIST_KEY_UIApplicationSupportsIndirectInputEvents = YES;
				INFOPLIST_KEY_UILaunchScreen_Generation = YES;
				INFOPLIST_KEY_UISupportedInterfaceOrientations_iPad = "UIInterfaceOrientationPortrait UIInterfaceOrientationPortraitUpsideDown UIInterfaceOrientationLandscapeLeft UIInterfaceOrientationLandscapeRight";
				INFOPLIST_KEY_UISupportedInterfaceOrientations_iPhone = "UIInterfaceOrientationPortrait UIInterfaceOrientationLandscapeLeft UIInterfaceOrientationLandscapeRight";
				LD_RUNPATH_SEARCH_PATHS = (
					"$(inherited)",
					"@executable_path/Frameworks",
				);
				MARKETING_VERSION = 1.0;
				PRODUCT_BUNDLE_IDENTIFIER = "com.Todo-SwiftData";
				PRODUCT_NAME = "$(TARGET_NAME)";
				STRING_CATALOG_GENERATE_SYMBOLS = YES;
				SWIFT_APPROACHABLE_CONCURRENCY = YES;
				SWIFT_DEFAULT_ACTOR_ISOLATION = MainActor;
				SWIFT_EMIT_LOC_STRINGS = YES;
				SWIFT_UPCOMING_FEATURE_MEMBER_IMPORT_VISIBILITY = YES;
				SWIFT_VERSION = 5.0;
				TARGETED_DEVICE_FAMILY = "1,2";
			};
			name = Debug;
		};
		96A2C7642F0AFBAD00EE890C /* Release */ = {
			isa = XCBuildConfiguration;
			buildSettings = {
				ASSETCATALOG_COMPILER_APPICON_NAME = AppIcon;
				ASSETCATALOG_COMPILER_GLOBAL_ACCENT_COLOR_NAME = AccentColor;
				CODE_SIGN_STYLE = Automatic;
				CURRENT_PROJECT_VERSION = 1;
				DEVELOPMENT_TEAM = 879MP5M96B;
				ENABLE_PREVIEWS = YES;
				GENERATE_INFOPLIST_FILE = YES;
				INFOPLIST_KEY_UIApplicationSceneManifest_Generation = YES;
				INFOPLIST_KEY_UIApplicationSupportsIndirectInputEvents = YES;
				INFOPLIST_KEY_UILaunchScreen_Generation = YES;
				INFOPLIST_KEY_UISupportedInterfaceOrientations_iPad = "UIInterfaceOrientationPortrait UIInterfaceOrientationPortraitUpsideDown UIInterfaceOrientationLandscapeLeft UIInterfaceOrientationLandscapeRight";
				INFOPLIST_KEY_UISupportedInterfaceOrientations_iPhone = "UIInterfaceOrientationPortrait UIInterfaceOrientationLandscapeLeft UIInterfaceOrientationLandscapeRight";
				LD_RUNPATH_SEARCH_PATHS = (
					"$(inherited)",
					"@executable_path/Frameworks",
				);
				MARKETING_VERSION = 1.0;
				PRODUCT_BUNDLE_IDENTIFIER = "com.Todo-SwiftData";
				PRODUCT_NAME = "$(TARGET_NAME)";
				STRING_CATALOG_GENERATE_SYMBOLS = YES;
				SWIFT_APPROACHABLE_CONCURRENCY = YES;
				SWIFT_DEFAULT_ACTOR_ISOLATION = MainActor;
				SWIFT_EMIT_LOC_STRINGS = YES;
				SWIFT_UPCOMING_FEATURE_MEMBER_IMPORT_VISIBILITY = YES;
				SWIFT_VERSION = 5.0;
				TARGETED_DEVICE_FAMILY = "1,2";
			};
			name = Release;
		};
		96A2C7662F0AFBAD00EE890C /* Debug */ = {
			isa = XCBuildConfiguration;
			buildSettings = {
				BUNDLE_LOADER = "$(TEST_HOST)";
				CODE_SIGN_STYLE = Automatic;
				CURRENT_PROJECT_VERSION = 1;
				DEVELOPMENT_TEAM = 879MP5M96B;
				GENERATE_INFOPLIST_FILE = YES;
				IPHONEOS_DEPLOYMENT_TARGET = 26.2;
				MARKETING_VERSION = 1.0;
				PRODUCT_BUNDLE_IDENTIFIER = "com.Todo-SwiftDataTests";
				PRODUCT_NAME = "$(TARGET_NAME)";
				STRING_CATALOG_GENERATE_SYMBOLS = NO;
				SWIFT_APPROACHABLE_CONCURRENCY = YES;
				SWIFT_EMIT_LOC_STRINGS = NO;
				SWIFT_UPCOMING_FEATURE_MEMBER_IMPORT_VISIBILITY = YES;
				SWIFT_VERSION = 5.0;
				TARGETED_DEVICE_FAMILY = "1,2";
				TEST_HOST = "$(BUILT_PRODUCTS_DIR)/Todo-SwiftData.app/$(BUNDLE_EXECUTABLE_FOLDER_PATH)/Todo-SwiftData";
			};
			name = Debug;
		};
		96A2C7672F0AFBAD00EE890C /* Release */ = {
			isa = XCBuildConfiguration;
			buildSettings = {
				BUNDLE_LOADER = "$(TEST_HOST)";
				CODE_SIGN_STYLE = Automatic;
				CURRENT_PROJECT_VERSION = 1;
				DEVELOPMENT_TEAM = 879MP5M96B;
				GENERATE_INFOPLIST_FILE = YES;
				IPHONEOS_DEPLOYMENT_TARGET = 26.2;
				MARKETING_VERSION = 1.0;
				PRODUCT_BUNDLE_IDENTIFIER = "com.Todo-SwiftDataTests";
				PRODUCT_NAME = "$(TARGET_NAME)";
				STRING_CATALOG_GENERATE_SYMBOLS = NO;
				SWIFT_APPROACHABLE_CONCURRENCY = YES;
				SWIFT_EMIT_LOC_STRINGS = NO;
				SWIFT_UPCOMING_FEATURE_MEMBER_IMPORT_VISIBILITY = YES;
				SWIFT_VERSION = 5.0;
				TARGETED_DEVICE_FAMILY = "1,2";
				TEST_HOST = "$(BUILT_PRODUCTS_DIR)/Todo-SwiftData.app/$(BUNDLE_EXECUTABLE_FOLDER_PATH)/Todo-SwiftData";
			};
			name = Release;
		};
		96A2C7692F0AFBAD00EE890C /* Debug */ = {
			isa = XCBuildConfiguration;
			buildSettings = {
				CODE_SIGN_STYLE = Automatic;
				CURRENT_PROJECT_VERSION = 1;
				DEVELOPMENT_TEAM = 879MP5M96B;
				GENERATE_INFOPLIST_FILE = YES;
				MARKETING_VERSION = 1.0;
				PRODUCT_BUNDLE_IDENTIFIER = "com.Todo-SwiftDataUITests";
				PRODUCT_NAME = "$(TARGET_NAME)";
				STRING_CATALOG_GENERATE_SYMBOLS = NO;
				SWIFT_APPROACHABLE_CONCURRENCY = YES;
				SWIFT_EMIT_LOC_STRINGS = NO;
				SWIFT_UPCOMING_FEATURE_MEMBER_IMPORT_VISIBILITY = YES;
				SWIFT_VERSION = 5.0;
				TARGETED_DEVICE_FAMILY = "1,2";
				TEST_TARGET_NAME = "Todo-SwiftData";
			};
			name = Debug;
		};
		96A2C76A2F0AFBAD00EE890C /* Release */ = {
			isa = XCBuildConfiguration;
			buildSettings = {
				CODE_SIGN_STYLE = Automatic;
				CURRENT_PROJECT_VERSION = 1;
				DEVELOPMENT_TEAM = 879MP5M96B;
				GENERATE_INFOPLIST_FILE = YES;
				MARKETING_VERSION = 1.0;
				PRODUCT_BUNDLE_IDENTIFIER = "com.Todo-SwiftDataUITests";
				PRODUCT_NAME = "$(TARGET_NAME)";
				STRING_CATALOG_GENERATE_SYMBOLS = NO;
				SWIFT_APPROACHABLE_CONCURRENCY = YES;
				SWIFT_EMIT_LOC_STRINGS = NO;
				SWIFT_UPCOMING_FEATURE_MEMBER_IMPORT_VISIBILITY = YES;
				SWIFT_VERSION = 5.0;
				TARGETED_DEVICE_FAMILY = "1,2";
				TEST_TARGET_NAME = "Todo-SwiftData";
			};
			name = Release;
		};
/* End XCBuildConfiguration section */

/* Begin XCConfigurationList section */
		96A2C73C2F0AFBAA00EE890C /* Build configuration list for PBXProject "Todo-SwiftData" */ = {
			isa = XCConfigurationList;
			buildConfigurations = (
				96A2C7602F0AFBAD00EE890C /* Debug */,
				96A2C7612F0AFBAD00EE890C /* Release */,
			);
			defaultConfigurationIsVisible = 0;
			defaultConfigurationName = Release;
		};
		96A2C7622F0AFBAD00EE890C /* Build configuration list for PBXNativeTarget "Todo-SwiftData" */ = {
			isa = XCConfigurationList;
			buildConfigurations = (
				96A2C7632F0AFBAD00EE890C /* Debug */,
				96A2C7642F0AFBAD00EE890C /* Release */,
			);
			defaultConfigurationIsVisible = 0;
			defaultConfigurationName = Release;
		};
		96A2C7652F0AFBAD00EE890C /* Build configuration list for PBXNativeTarget "Todo-SwiftDataTests" */ = {
			isa = XCConfigurationList;
			buildConfigurations = (
				96A2C7662F0AFBAD00EE890C /* Debug */,
				96A2C7672F0AFBAD00EE890C /* Release */,
			);
			defaultConfigurationIsVisible = 0;
			defaultConfigurationName = Release;
		};
		96A2C7682F0AFBAD00EE890C /* Build configuration list for PBXNativeTarget "Todo-SwiftDataUITests" */ = {
			isa = XCConfigurationList;
			buildConfigurations = (
				96A2C7692F0AFBAD00EE890C /* Debug */,
				96A2C76A2F0AFBAD00EE890C /* Release */,
			);
			defaultConfigurationIsVisible = 0;
			defaultConfigurationName = Release;
		};
/* End XCConfigurationList section */
	};
	rootObject = 96A2C7392F0AFBAA00EE890C /* Project object */;
}
